// !$*UTF8*$!
{
	archiveVersion = 1;
	classes = {
	};
	objectVersion = 50;
	objects = {

/* Begin PBXBuildFile section */
		34DF91F80A204AADBF510835 /* Pods_Slash.framework in Frameworks */ = {isa = PBXBuildFile; fileRef = C03E22EF35EDD994605E9FF5 /* Pods_Slash.framework */; };
		4C07AC7921381A4B00F9239E /* DiscoverViewController.swift in Sources */ = {isa = PBXBuildFile; fileRef = 4C07AC7821381A4B00F9239E /* DiscoverViewController.swift */; };
		4C0A005C212730E700919278 /* CoinCell.swift in Sources */ = {isa = PBXBuildFile; fileRef = 4C0A005B212730E700919278 /* CoinCell.swift */; };
		4C0A0060212787D300919278 /* FloatFormatters.swift in Sources */ = {isa = PBXBuildFile; fileRef = 4C0A005F212787D300919278 /* FloatFormatters.swift */; };
		4C20F0402126019100CEB049 /* AppDelegate.swift in Sources */ = {isa = PBXBuildFile; fileRef = 4C20F03F2126019100CEB049 /* AppDelegate.swift */; };
		4C20F0442126019100CEB049 /* CoinController.swift in Sources */ = {isa = PBXBuildFile; fileRef = 4C20F0432126019100CEB049 /* CoinController.swift */; };
		4C20F04B2126019200CEB049 /* Assets.xcassets in Resources */ = {isa = PBXBuildFile; fileRef = 4C20F04A2126019200CEB049 /* Assets.xcassets */; };
		4C20F04E2126019200CEB049 /* LaunchScreen.storyboard in Resources */ = {isa = PBXBuildFile; fileRef = 4C20F04C2126019200CEB049 /* LaunchScreen.storyboard */; };
		4C26CA042136594F0096B4E7 /* PortfolioCell.swift in Sources */ = {isa = PBXBuildFile; fileRef = 4C26CA032136594F0096B4E7 /* PortfolioCell.swift */; };
		4C29FA96212DCA50007FAF90 /* User.swift in Sources */ = {isa = PBXBuildFile; fileRef = 4C29FA95212DCA50007FAF90 /* User.swift */; };
		4C29FA98212DCF98007FAF90 /* UserDefaultsExtension.swift in Sources */ = {isa = PBXBuildFile; fileRef = 4C29FA97212DCF98007FAF90 /* UserDefaultsExtension.swift */; };
		4C2BF76F213A522800890547 /* DetailsView.swift in Sources */ = {isa = PBXBuildFile; fileRef = 4C2BF76E213A522800890547 /* DetailsView.swift */; };
		4C2C314921337E9A0001AEB9 /* CustomGrayButton.swift in Sources */ = {isa = PBXBuildFile; fileRef = 4C2C314821337E9A0001AEB9 /* CustomGrayButton.swift */; };
		4C2C9C162128AAD20041175E /* WelcomeViewController.swift in Sources */ = {isa = PBXBuildFile; fileRef = 4C2C9C152128AAD20041175E /* WelcomeViewController.swift */; };
		4C2C9C1A2128C5050041175E /* ExampleWebSocketClient.swift in Sources */ = {isa = PBXBuildFile; fileRef = 4C2C9C192128C5050041175E /* ExampleWebSocketClient.swift */; };
		4C2D79C42130DCCD001FAF7B /* MainNavigationController.swift in Sources */ = {isa = PBXBuildFile; fileRef = 4C2D79C32130DCCD001FAF7B /* MainNavigationController.swift */; };
		4C37EABA212CFD9D00A5E269 /* Fonts.swift in Sources */ = {isa = PBXBuildFile; fileRef = 4C37EAB9212CFD9D00A5E269 /* Fonts.swift */; };
		4C62060721384100009FF959 /* SearchBarView.swift in Sources */ = {isa = PBXBuildFile; fileRef = 4C62060621384100009FF959 /* SearchBarView.swift */; };
		4C62060921384A45009FF959 /* CoinContainerView.swift in Sources */ = {isa = PBXBuildFile; fileRef = 4C62060821384A45009FF959 /* CoinContainerView.swift */; };
		4C62060B213852FE009FF959 /* DetailContainerView.swift in Sources */ = {isa = PBXBuildFile; fileRef = 4C62060A213852FE009FF959 /* DetailContainerView.swift */; };
		4C62060D2138639D009FF959 /* DetailOrAddView.swift in Sources */ = {isa = PBXBuildFile; fileRef = 4C62060C2138639D009FF959 /* DetailOrAddView.swift */; };
		4C62060F2138C85C009FF959 /* CoinSnapshot.swift in Sources */ = {isa = PBXBuildFile; fileRef = 4C62060E2138C85C009FF959 /* CoinSnapshot.swift */; };
		4C6206112138D3DE009FF959 /* DescriptionView.swift in Sources */ = {isa = PBXBuildFile; fileRef = 4C6206102138D3DE009FF959 /* DescriptionView.swift */; };
		4C62061321392FAB009FF959 /* CoinTableViewController.swift in Sources */ = {isa = PBXBuildFile; fileRef = 4C62061221392FAB009FF959 /* CoinTableViewController.swift */; };
		4C6618F621361A3F00DD8CBA /* PieView.swift in Sources */ = {isa = PBXBuildFile; fileRef = 4C6618F521361A3F00DD8CBA /* PieView.swift */; };
		4C67AE11213B0EB700ECB88E /* CoinHistory.swift in Sources */ = {isa = PBXBuildFile; fileRef = 4C67AE10213B0EB700ECB88E /* CoinHistory.swift */; };
		4C67AE13213B4D0500ECB88E /* StatsView.swift in Sources */ = {isa = PBXBuildFile; fileRef = 4C67AE12213B4D0500ECB88E /* StatsView.swift */; };
		4C8DFFE521326BAD00374EC3 /* PriceContentView.swift in Sources */ = {isa = PBXBuildFile; fileRef = 4C8DFFE421326BAD00374EC3 /* PriceContentView.swift */; };
		4C8DFFE721327BA300374EC3 /* ChartView.swift in Sources */ = {isa = PBXBuildFile; fileRef = 4C8DFFE621327BA300374EC3 /* ChartView.swift */; };
		4C8DFFEB2132980B00374EC3 /* BalloonMarker.swift in Sources */ = {isa = PBXBuildFile; fileRef = 4C8DFFEA2132980B00374EC3 /* BalloonMarker.swift */; };
		4C94D97221262272008F80EE /* Extensions.swift in Sources */ = {isa = PBXBuildFile; fileRef = 4C94D97121262272008F80EE /* Extensions.swift */; };
		4C94D97721267049008F80EE /* CurrencyFormatter.swift in Sources */ = {isa = PBXBuildFile; fileRef = 4C94D97621267049008F80EE /* CurrencyFormatter.swift */; };
		4C94D97D212681CA008F80EE /* Preferences.swift in Sources */ = {isa = PBXBuildFile; fileRef = 4C94D97C212681CA008F80EE /* Preferences.swift */; };
		4C96F73E212F9520001D16D8 /* PageViewController.swift in Sources */ = {isa = PBXBuildFile; fileRef = 4C96F73D212F9520001D16D8 /* PageViewController.swift */; };
		4C96F740212F969B001D16D8 /* Page.swift in Sources */ = {isa = PBXBuildFile; fileRef = 4C96F73F212F969B001D16D8 /* Page.swift */; };
		4C96F742212FDDB6001D16D8 /* RegisterView.swift in Sources */ = {isa = PBXBuildFile; fileRef = 4C96F741212FDDB6001D16D8 /* RegisterView.swift */; };
		4C982D582127EA220003C2F9 /* CoinDetail.swift in Sources */ = {isa = PBXBuildFile; fileRef = 4C982D572127EA220003C2F9 /* CoinDetail.swift */; };
		4CC0478E21375897009D9177 /* BarView.swift in Sources */ = {isa = PBXBuildFile; fileRef = 4CC0478D21375897009D9177 /* BarView.swift */; };
		4CC0479221375B3F009D9177 /* BarViewController.swift in Sources */ = {isa = PBXBuildFile; fileRef = 4CC0479121375B3F009D9177 /* BarViewController.swift */; };
		4CD10D59213C5E0000B6F590 /* .swiftlint.yml in Resources */ = {isa = PBXBuildFile; fileRef = 4CD10D58213C5E0000B6F590 /* .swiftlint.yml */; };
		4CE2989D2126156D008A533A /* HomeViewController.swift in Sources */ = {isa = PBXBuildFile; fileRef = 4CE2989C2126156D008A533A /* HomeViewController.swift */; };
		4CE298A221261700008A533A /* PortfolioController.swift in Sources */ = {isa = PBXBuildFile; fileRef = 4CE298A121261700008A533A /* PortfolioController.swift */; };
		4CE298A421261710008A533A /* PieViewController.swift in Sources */ = {isa = PBXBuildFile; fileRef = 4CE298A321261710008A533A /* PieViewController.swift */; };
		4CE298A621261748008A533A /* PagePortfolioController.swift in Sources */ = {isa = PBXBuildFile; fileRef = 4CE298A521261748008A533A /* PagePortfolioController.swift */; };
/* End PBXBuildFile section */

/* Begin PBXFileReference section */
		4C07AC7821381A4B00F9239E /* DiscoverViewController.swift */ = {isa = PBXFileReference; lastKnownFileType = sourcecode.swift; path = DiscoverViewController.swift; sourceTree = "<group>"; };
		4C0A005B212730E700919278 /* CoinCell.swift */ = {isa = PBXFileReference; lastKnownFileType = sourcecode.swift; path = CoinCell.swift; sourceTree = "<group>"; };
		4C0A005F212787D300919278 /* FloatFormatters.swift */ = {isa = PBXFileReference; lastKnownFileType = sourcecode.swift; path = FloatFormatters.swift; sourceTree = "<group>"; };
		4C20F03C2126019100CEB049 /* Slash.app */ = {isa = PBXFileReference; explicitFileType = wrapper.application; includeInIndex = 0; path = Slash.app; sourceTree = BUILT_PRODUCTS_DIR; };
		4C20F03F2126019100CEB049 /* AppDelegate.swift */ = {isa = PBXFileReference; lastKnownFileType = sourcecode.swift; path = AppDelegate.swift; sourceTree = "<group>"; };
		4C20F0432126019100CEB049 /* CoinController.swift */ = {isa = PBXFileReference; lastKnownFileType = sourcecode.swift; path = CoinController.swift; sourceTree = "<group>"; };
		4C20F04A2126019200CEB049 /* Assets.xcassets */ = {isa = PBXFileReference; lastKnownFileType = folder.assetcatalog; path = Assets.xcassets; sourceTree = "<group>"; };
		4C20F04D2126019200CEB049 /* Base */ = {isa = PBXFileReference; lastKnownFileType = file.storyboard; name = Base; path = Base.lproj/LaunchScreen.storyboard; sourceTree = "<group>"; };
		4C20F04F2126019200CEB049 /* Info.plist */ = {isa = PBXFileReference; lastKnownFileType = text.plist.xml; path = Info.plist; sourceTree = "<group>"; };
		4C26CA032136594F0096B4E7 /* PortfolioCell.swift */ = {isa = PBXFileReference; lastKnownFileType = sourcecode.swift; path = PortfolioCell.swift; sourceTree = "<group>"; };
		4C29FA95212DCA50007FAF90 /* User.swift */ = {isa = PBXFileReference; lastKnownFileType = sourcecode.swift; path = User.swift; sourceTree = "<group>"; };
		4C29FA97212DCF98007FAF90 /* UserDefaultsExtension.swift */ = {isa = PBXFileReference; lastKnownFileType = sourcecode.swift; path = UserDefaultsExtension.swift; sourceTree = "<group>"; };
		4C2BF76E213A522800890547 /* DetailsView.swift */ = {isa = PBXFileReference; lastKnownFileType = sourcecode.swift; path = DetailsView.swift; sourceTree = "<group>"; };
		4C2C314821337E9A0001AEB9 /* CustomGrayButton.swift */ = {isa = PBXFileReference; lastKnownFileType = sourcecode.swift; path = CustomGrayButton.swift; sourceTree = "<group>"; };
		4C2C9C152128AAD20041175E /* WelcomeViewController.swift */ = {isa = PBXFileReference; lastKnownFileType = sourcecode.swift; path = WelcomeViewController.swift; sourceTree = "<group>"; };
		4C2C9C192128C5050041175E /* ExampleWebSocketClient.swift */ = {isa = PBXFileReference; lastKnownFileType = sourcecode.swift; path = ExampleWebSocketClient.swift; sourceTree = "<group>"; };
		4C2D79C32130DCCD001FAF7B /* MainNavigationController.swift */ = {isa = PBXFileReference; lastKnownFileType = sourcecode.swift; path = MainNavigationController.swift; sourceTree = "<group>"; };
		4C37EAB9212CFD9D00A5E269 /* Fonts.swift */ = {isa = PBXFileReference; lastKnownFileType = sourcecode.swift; path = Fonts.swift; sourceTree = "<group>"; };
		4C62060621384100009FF959 /* SearchBarView.swift */ = {isa = PBXFileReference; lastKnownFileType = sourcecode.swift; path = SearchBarView.swift; sourceTree = "<group>"; };
		4C62060821384A45009FF959 /* CoinContainerView.swift */ = {isa = PBXFileReference; lastKnownFileType = sourcecode.swift; path = CoinContainerView.swift; sourceTree = "<group>"; };
		4C62060A213852FE009FF959 /* DetailContainerView.swift */ = {isa = PBXFileReference; lastKnownFileType = sourcecode.swift; path = DetailContainerView.swift; sourceTree = "<group>"; };
		4C62060C2138639D009FF959 /* DetailOrAddView.swift */ = {isa = PBXFileReference; lastKnownFileType = sourcecode.swift; path = DetailOrAddView.swift; sourceTree = "<group>"; };
		4C62060E2138C85C009FF959 /* CoinSnapshot.swift */ = {isa = PBXFileReference; lastKnownFileType = sourcecode.swift; path = CoinSnapshot.swift; sourceTree = "<group>"; };
		4C6206102138D3DE009FF959 /* DescriptionView.swift */ = {isa = PBXFileReference; lastKnownFileType = sourcecode.swift; path = DescriptionView.swift; sourceTree = "<group>"; };
		4C62061221392FAB009FF959 /* CoinTableViewController.swift */ = {isa = PBXFileReference; lastKnownFileType = sourcecode.swift; path = CoinTableViewController.swift; sourceTree = "<group>"; };
		4C6618F521361A3F00DD8CBA /* PieView.swift */ = {isa = PBXFileReference; lastKnownFileType = sourcecode.swift; path = PieView.swift; sourceTree = "<group>"; };
		4C67AE10213B0EB700ECB88E /* CoinHistory.swift */ = {isa = PBXFileReference; lastKnownFileType = sourcecode.swift; path = CoinHistory.swift; sourceTree = "<group>"; };
		4C67AE12213B4D0500ECB88E /* StatsView.swift */ = {isa = PBXFileReference; lastKnownFileType = sourcecode.swift; path = StatsView.swift; sourceTree = "<group>"; };
		4C8DFFE421326BAD00374EC3 /* PriceContentView.swift */ = {isa = PBXFileReference; lastKnownFileType = sourcecode.swift; path = PriceContentView.swift; sourceTree = "<group>"; };
		4C8DFFE621327BA300374EC3 /* ChartView.swift */ = {isa = PBXFileReference; lastKnownFileType = sourcecode.swift; path = ChartView.swift; sourceTree = "<group>"; };
		4C8DFFEA2132980B00374EC3 /* BalloonMarker.swift */ = {isa = PBXFileReference; lastKnownFileType = sourcecode.swift; path = BalloonMarker.swift; sourceTree = "<group>"; };
		4C94D97121262272008F80EE /* Extensions.swift */ = {isa = PBXFileReference; lastKnownFileType = sourcecode.swift; path = Extensions.swift; sourceTree = "<group>"; };
		4C94D97621267049008F80EE /* CurrencyFormatter.swift */ = {isa = PBXFileReference; lastKnownFileType = sourcecode.swift; path = CurrencyFormatter.swift; sourceTree = "<group>"; };
		4C94D97C212681CA008F80EE /* Preferences.swift */ = {isa = PBXFileReference; lastKnownFileType = sourcecode.swift; path = Preferences.swift; sourceTree = "<group>"; };
		4C96F73D212F9520001D16D8 /* PageViewController.swift */ = {isa = PBXFileReference; lastKnownFileType = sourcecode.swift; path = PageViewController.swift; sourceTree = "<group>"; };
		4C96F73F212F969B001D16D8 /* Page.swift */ = {isa = PBXFileReference; lastKnownFileType = sourcecode.swift; path = Page.swift; sourceTree = "<group>"; };
		4C96F741212FDDB6001D16D8 /* RegisterView.swift */ = {isa = PBXFileReference; lastKnownFileType = sourcecode.swift; path = RegisterView.swift; sourceTree = "<group>"; };
		4C982D572127EA220003C2F9 /* CoinDetail.swift */ = {isa = PBXFileReference; lastKnownFileType = sourcecode.swift; path = CoinDetail.swift; sourceTree = "<group>"; };
		4CC0478D21375897009D9177 /* BarView.swift */ = {isa = PBXFileReference; lastKnownFileType = sourcecode.swift; path = BarView.swift; sourceTree = "<group>"; };
		4CC0479121375B3F009D9177 /* BarViewController.swift */ = {isa = PBXFileReference; lastKnownFileType = sourcecode.swift; path = BarViewController.swift; sourceTree = "<group>"; };
		4CD10D58213C5E0000B6F590 /* .swiftlint.yml */ = {isa = PBXFileReference; lastKnownFileType = text; path = .swiftlint.yml; sourceTree = "<group>"; };
		4CE2989C2126156D008A533A /* HomeViewController.swift */ = {isa = PBXFileReference; lastKnownFileType = sourcecode.swift; path = HomeViewController.swift; sourceTree = "<group>"; };
		4CE298A121261700008A533A /* PortfolioController.swift */ = {isa = PBXFileReference; lastKnownFileType = sourcecode.swift; path = PortfolioController.swift; sourceTree = "<group>"; };
		4CE298A321261710008A533A /* PieViewController.swift */ = {isa = PBXFileReference; lastKnownFileType = sourcecode.swift; path = PieViewController.swift; sourceTree = "<group>"; };
		4CE298A521261748008A533A /* PagePortfolioController.swift */ = {isa = PBXFileReference; lastKnownFileType = sourcecode.swift; path = PagePortfolioController.swift; sourceTree = "<group>"; };
		5381EE55B5C6C38E55D9DED8 /* Pods-Slash.release.xcconfig */ = {isa = PBXFileReference; includeInIndex = 1; lastKnownFileType = text.xcconfig; name = "Pods-Slash.release.xcconfig"; path = "Pods/Target Support Files/Pods-Slash/Pods-Slash.release.xcconfig"; sourceTree = "<group>"; };
		B8E351820A56351957C6451F /* Pods-Slash.debug.xcconfig */ = {isa = PBXFileReference; includeInIndex = 1; lastKnownFileType = text.xcconfig; name = "Pods-Slash.debug.xcconfig"; path = "Pods/Target Support Files/Pods-Slash/Pods-Slash.debug.xcconfig"; sourceTree = "<group>"; };
		C03E22EF35EDD994605E9FF5 /* Pods_Slash.framework */ = {isa = PBXFileReference; explicitFileType = wrapper.framework; includeInIndex = 0; path = Pods_Slash.framework; sourceTree = BUILT_PRODUCTS_DIR; };
/* End PBXFileReference section */

/* Begin PBXFrameworksBuildPhase section */
		4C20F0392126019100CEB049 /* Frameworks */ = {
			isa = PBXFrameworksBuildPhase;
			buildActionMask = 2147483647;
			files = (
				34DF91F80A204AADBF510835 /* Pods_Slash.framework in Frameworks */,
			);
			runOnlyForDeploymentPostprocessing = 0;
		};
/* End PBXFrameworksBuildPhase section */

/* Begin PBXGroup section */
		4C07AC7521380C8000F9239E /* Portfolio */ = {
			isa = PBXGroup;
			children = (
				4CE298A121261700008A533A /* PortfolioController.swift */,
				4CE298A321261710008A533A /* PieViewController.swift */,
				4CE298A521261748008A533A /* PagePortfolioController.swift */,
				4CC0479121375B3F009D9177 /* BarViewController.swift */,
			);
			path = Portfolio;
			sourceTree = "<group>";
		};
		4C07AC7621380D0400F9239E /* Coin */ = {
			isa = PBXGroup;
			children = (
				4C20F0432126019100CEB049 /* CoinController.swift */,
			);
			path = Coin;
			sourceTree = "<group>";
		};
		4C07AC7721381A1600F9239E /* Discover */ = {
			isa = PBXGroup;
			children = (
				4C07AC7821381A4B00F9239E /* DiscoverViewController.swift */,
				4C62061221392FAB009FF959 /* CoinTableViewController.swift */,
			);
			path = Discover;
			sourceTree = "<group>";
		};
		4C20F0332126019100CEB049 = {
			isa = PBXGroup;
			children = (
				4CD10D58213C5E0000B6F590 /* .swiftlint.yml */,
				4C20F03E2126019100CEB049 /* Slash */,
				4C20F03D2126019100CEB049 /* Products */,
				D571B1830E84C315D8481814 /* Pods */,
				AAE65EA7FD4A9CCEBC4C97E2 /* Frameworks */,
			);
			sourceTree = "<group>";
		};
		4C20F03D2126019100CEB049 /* Products */ = {
			isa = PBXGroup;
			children = (
				4C20F03C2126019100CEB049 /* Slash.app */,
			);
			name = Products;
			sourceTree = "<group>";
		};
		4C20F03E2126019100CEB049 /* Slash */ = {
			isa = PBXGroup;
			children = (
				4C20F03F2126019100CEB049 /* AppDelegate.swift */,
				4C2C9C192128C5050041175E /* ExampleWebSocketClient.swift */,
				4C94D97321266E59008F80EE /* Model */,
				4C94D979212671A5008F80EE /* Views */,
				4CE2989E212616C4008A533A /* Controllers */,
				4C20F04A2126019200CEB049 /* Assets.xcassets */,
				4C20F04C2126019200CEB049 /* LaunchScreen.storyboard */,
				4C20F04F2126019200CEB049 /* Info.plist */,
				4C94D97821267120008F80EE /* Helpers */,
				4C94D97021262269008F80EE /* Utils */,
			);
			path = Slash;
			sourceTree = "<group>";
		};
		4C67AE16213C12CC00ECB88E /* Welcome Views */ = {
			isa = PBXGroup;
			children = (
				4C96F741212FDDB6001D16D8 /* RegisterView.swift */,
			);
			path = "Welcome Views";
			sourceTree = "<group>";
		};
		4C67AE17213C12D800ECB88E /* Coin Views */ = {
			isa = PBXGroup;
			children = (
				4C2C314821337E9A0001AEB9 /* CustomGrayButton.swift */,
				4C8DFFE621327BA300374EC3 /* ChartView.swift */,
				4C8DFFE421326BAD00374EC3 /* PriceContentView.swift */,
				4C67AE12213B4D0500ECB88E /* StatsView.swift */,
			);
			path = "Coin Views";
			sourceTree = "<group>";
		};
		4C67AE18213C12DE00ECB88E /* Portfolio Views */ = {
			isa = PBXGroup;
			children = (
				4C6618F521361A3F00DD8CBA /* PieView.swift */,
				4C26CA032136594F0096B4E7 /* PortfolioCell.swift */,
				4CC0478D21375897009D9177 /* BarView.swift */,
			);
			path = "Portfolio Views";
			sourceTree = "<group>";
		};
		4C67AE19213C14CB00ECB88E /* Discover Views */ = {
			isa = PBXGroup;
			children = (
				4C62060621384100009FF959 /* SearchBarView.swift */,
				4C62060821384A45009FF959 /* CoinContainerView.swift */,
				4C62060A213852FE009FF959 /* DetailContainerView.swift */,
				4C62060C2138639D009FF959 /* DetailOrAddView.swift */,
				4C6206102138D3DE009FF959 /* DescriptionView.swift */,
				4C2BF76E213A522800890547 /* DetailsView.swift */,
			);
			path = "Discover Views";
			sourceTree = "<group>";
		};
		4C67AE1A213C156E00ECB88E /* Home */ = {
			isa = PBXGroup;
			children = (
				4CE2989C2126156D008A533A /* HomeViewController.swift */,
			);
			path = Home;
			sourceTree = "<group>";
		};
		4C67AE1B213C157C00ECB88E /* Home Views */ = {
			isa = PBXGroup;
			children = (
				4C0A005B212730E700919278 /* CoinCell.swift */,
			);
			path = "Home Views";
			sourceTree = "<group>";
		};
		4C94D97021262269008F80EE /* Utils */ = {
			isa = PBXGroup;
			children = (
				4C94D97121262272008F80EE /* Extensions.swift */,
				4C29FA97212DCF98007FAF90 /* UserDefaultsExtension.swift */,
			);
			path = Utils;
			sourceTree = "<group>";
		};
		4C94D97321266E59008F80EE /* Model */ = {
			isa = PBXGroup;
			children = (
				4C94D97C212681CA008F80EE /* Preferences.swift */,
				4C982D572127EA220003C2F9 /* CoinDetail.swift */,
				4C29FA95212DCA50007FAF90 /* User.swift */,
				4C62060E2138C85C009FF959 /* CoinSnapshot.swift */,
				4C67AE10213B0EB700ECB88E /* CoinHistory.swift */,
			);
			path = Model;
			sourceTree = "<group>";
		};
		4C94D97821267120008F80EE /* Helpers */ = {
			isa = PBXGroup;
			children = (
				4C94D97621267049008F80EE /* CurrencyFormatter.swift */,
				4C0A005F212787D300919278 /* FloatFormatters.swift */,
				4C37EAB9212CFD9D00A5E269 /* Fonts.swift */,
				4C8DFFEA2132980B00374EC3 /* BalloonMarker.swift */,
			);
			path = Helpers;
			sourceTree = "<group>";
		};
		4C94D979212671A5008F80EE /* Views */ = {
			isa = PBXGroup;
			children = (
				4C67AE1B213C157C00ECB88E /* Home Views */,
				4C67AE19213C14CB00ECB88E /* Discover Views */,
				4C67AE18213C12DE00ECB88E /* Portfolio Views */,
				4C67AE17213C12D800ECB88E /* Coin Views */,
				4C67AE16213C12CC00ECB88E /* Welcome Views */,
			);
			path = Views;
			sourceTree = "<group>";
		};
		4C96F73C212F9508001D16D8 /* Welcome */ = {
			isa = PBXGroup;
			children = (
				4C2C9C152128AAD20041175E /* WelcomeViewController.swift */,
				4C96F73D212F9520001D16D8 /* PageViewController.swift */,
				4C96F73F212F969B001D16D8 /* Page.swift */,
			);
			path = Welcome;
			sourceTree = "<group>";
		};
		4CE2989E212616C4008A533A /* Controllers */ = {
			isa = PBXGroup;
			children = (
				4C2D79C32130DCCD001FAF7B /* MainNavigationController.swift */,
				4C67AE1A213C156E00ECB88E /* Home */,
				4C96F73C212F9508001D16D8 /* Welcome */,
				4C07AC7621380D0400F9239E /* Coin */,
				4C07AC7721381A1600F9239E /* Discover */,
				4C07AC7521380C8000F9239E /* Portfolio */,
			);
			path = Controllers;
			sourceTree = "<group>";
		};
		AAE65EA7FD4A9CCEBC4C97E2 /* Frameworks */ = {
			isa = PBXGroup;
			children = (
				C03E22EF35EDD994605E9FF5 /* Pods_Slash.framework */,
			);
			name = Frameworks;
			sourceTree = "<group>";
		};
		D571B1830E84C315D8481814 /* Pods */ = {
			isa = PBXGroup;
			children = (
				B8E351820A56351957C6451F /* Pods-Slash.debug.xcconfig */,
				5381EE55B5C6C38E55D9DED8 /* Pods-Slash.release.xcconfig */,
			);
			name = Pods;
			sourceTree = "<group>";
		};
/* End PBXGroup section */

/* Begin PBXNativeTarget section */
		4C20F03B2126019100CEB049 /* Slash */ = {
			isa = PBXNativeTarget;
			buildConfigurationList = 4C20F0522126019200CEB049 /* Build configuration list for PBXNativeTarget "Slash" */;
			buildPhases = (
				BAA9304884920496BFBF0509 /* [CP] Check Pods Manifest.lock */,
				4C20F0382126019100CEB049 /* Sources */,
				4C20F0392126019100CEB049 /* Frameworks */,
				4C20F03A2126019100CEB049 /* Resources */,
				3488E2F15EC1CFBB36D92601 /* [CP] Embed Pods Frameworks */,
				4CD10D57213C5C1700B6F590 /* ShellScript */,
			);
			buildRules = (
			);
			dependencies = (
			);
			name = Slash;
			productName = Slash;
			productReference = 4C20F03C2126019100CEB049 /* Slash.app */;
			productType = "com.apple.product-type.application";
		};
/* End PBXNativeTarget section */

/* Begin PBXProject section */
		4C20F0342126019100CEB049 /* Project object */ = {
			isa = PBXProject;
			attributes = {
				LastSwiftUpdateCheck = 0940;
				LastUpgradeCheck = 0940;
				ORGANIZATIONNAME = "Michael Lema";
				TargetAttributes = {
					4C20F03B2126019100CEB049 = {
						CreatedOnToolsVersion = 9.4.1;
					};
				};
			};
			buildConfigurationList = 4C20F0372126019100CEB049 /* Build configuration list for PBXProject "Slash" */;
			compatibilityVersion = "Xcode 9.3";
			developmentRegion = en;
			hasScannedForEncodings = 0;
			knownRegions = (
				en,
				Base,
			);
			mainGroup = 4C20F0332126019100CEB049;
			productRefGroup = 4C20F03D2126019100CEB049 /* Products */;
			projectDirPath = "";
			projectRoot = "";
			targets = (
				4C20F03B2126019100CEB049 /* Slash */,
			);
		};
/* End PBXProject section */

/* Begin PBXResourcesBuildPhase section */
		4C20F03A2126019100CEB049 /* Resources */ = {
			isa = PBXResourcesBuildPhase;
			buildActionMask = 2147483647;
			files = (
				4CD10D59213C5E0000B6F590 /* .swiftlint.yml in Resources */,
				4C20F04E2126019200CEB049 /* LaunchScreen.storyboard in Resources */,
				4C20F04B2126019200CEB049 /* Assets.xcassets in Resources */,
			);
			runOnlyForDeploymentPostprocessing = 0;
		};
/* End PBXResourcesBuildPhase section */

/* Begin PBXShellScriptBuildPhase section */
		3488E2F15EC1CFBB36D92601 /* [CP] Embed Pods Frameworks */ = {
			isa = PBXShellScriptBuildPhase;
			buildActionMask = 2147483647;
			files = (
			);
			inputPaths = (
				"${SRCROOT}/Pods/Target Support Files/Pods-Slash/Pods-Slash-frameworks.sh",
				"${BUILT_PRODUCTS_DIR}/Charts/Charts.framework",
				"${BUILT_PRODUCTS_DIR}/CryptoCompKit/CryptoCompKit.framework",
				"${BUILT_PRODUCTS_DIR}/CryptoSwift/CryptoSwift.framework",
				"${BUILT_PRODUCTS_DIR}/GDAXKit/GDAXKit.framework",
				"${BUILT_PRODUCTS_DIR}/GDAXSocketSwift/GDAXSocketSwift.framework",
				"${BUILT_PRODUCTS_DIR}/QuickLayout/QuickLayout.framework",
				"${BUILT_PRODUCTS_DIR}/Starscream/Starscream.framework",
				"${BUILT_PRODUCTS_DIR}/SwiftEntryKit/SwiftEntryKit.framework",
			);
			name = "[CP] Embed Pods Frameworks";
			outputPaths = (
				"${TARGET_BUILD_DIR}/${FRAMEWORKS_FOLDER_PATH}/Charts.framework",
				"${TARGET_BUILD_DIR}/${FRAMEWORKS_FOLDER_PATH}/CryptoCompKit.framework",
				"${TARGET_BUILD_DIR}/${FRAMEWORKS_FOLDER_PATH}/CryptoSwift.framework",
				"${TARGET_BUILD_DIR}/${FRAMEWORKS_FOLDER_PATH}/GDAXKit.framework",
				"${TARGET_BUILD_DIR}/${FRAMEWORKS_FOLDER_PATH}/GDAXSocketSwift.framework",
				"${TARGET_BUILD_DIR}/${FRAMEWORKS_FOLDER_PATH}/QuickLayout.framework",
				"${TARGET_BUILD_DIR}/${FRAMEWORKS_FOLDER_PATH}/Starscream.framework",
				"${TARGET_BUILD_DIR}/${FRAMEWORKS_FOLDER_PATH}/SwiftEntryKit.framework",
			);
			runOnlyForDeploymentPostprocessing = 0;
			shellPath = /bin/sh;
			shellScript = "\"${SRCROOT}/Pods/Target Support Files/Pods-Slash/Pods-Slash-frameworks.sh\"\n";
			showEnvVarsInLog = 0;
		};
		4CD10D57213C5C1700B6F590 /* ShellScript */ = {
			isa = PBXShellScriptBuildPhase;
			buildActionMask = 2147483647;
			files = (
			);
			inputPaths = (
			);
			outputPaths = (
			);
			runOnlyForDeploymentPostprocessing = 0;
			shellPath = /bin/sh;
			shellScript = "\"${PODS_ROOT}/SwiftLint/swiftlint\"";
		};
		BAA9304884920496BFBF0509 /* [CP] Check Pods Manifest.lock */ = {
			isa = PBXShellScriptBuildPhase;
			buildActionMask = 2147483647;
			files = (
			);
			inputPaths = (
				"${PODS_PODFILE_DIR_PATH}/Podfile.lock",
				"${PODS_ROOT}/Manifest.lock",
			);
			name = "[CP] Check Pods Manifest.lock";
			outputPaths = (
				"$(DERIVED_FILE_DIR)/Pods-Slash-checkManifestLockResult.txt",
			);
			runOnlyForDeploymentPostprocessing = 0;
			shellPath = /bin/sh;
			shellScript = "diff \"${PODS_PODFILE_DIR_PATH}/Podfile.lock\" \"${PODS_ROOT}/Manifest.lock\" > /dev/null\nif [ $? != 0 ] ; then\n    # print error to STDERR\n    echo \"error: The sandbox is not in sync with the Podfile.lock. Run 'pod install' or update your CocoaPods installation.\" >&2\n    exit 1\nfi\n# This output is used by Xcode 'outputs' to avoid re-running this script phase.\necho \"SUCCESS\" > \"${SCRIPT_OUTPUT_FILE_0}\"\n";
			showEnvVarsInLog = 0;
		};
/* End PBXShellScriptBuildPhase section */

/* Begin PBXSourcesBuildPhase section */
		4C20F0382126019100CEB049 /* Sources */ = {
			isa = PBXSourcesBuildPhase;
			buildActionMask = 2147483647;
			files = (
				4C8DFFE721327BA300374EC3 /* ChartView.swift in Sources */,
				4C20F0442126019100CEB049 /* CoinController.swift in Sources */,
				4C8DFFEB2132980B00374EC3 /* BalloonMarker.swift in Sources */,
				4C26CA042136594F0096B4E7 /* PortfolioCell.swift in Sources */,
				4C20F0402126019100CEB049 /* AppDelegate.swift in Sources */,
				4CC0479221375B3F009D9177 /* BarViewController.swift in Sources */,
				4C62060921384A45009FF959 /* CoinContainerView.swift in Sources */,
				4C0A005C212730E700919278 /* CoinCell.swift in Sources */,
				4C62061321392FAB009FF959 /* CoinTableViewController.swift in Sources */,
				4C94D97D212681CA008F80EE /* Preferences.swift in Sources */,
				4C982D582127EA220003C2F9 /* CoinDetail.swift in Sources */,
				4C62060721384100009FF959 /* SearchBarView.swift in Sources */,
				4C67AE11213B0EB700ECB88E /* CoinHistory.swift in Sources */,
				4C96F740212F969B001D16D8 /* Page.swift in Sources */,
				4C62060B213852FE009FF959 /* DetailContainerView.swift in Sources */,
				4CE298A221261700008A533A /* PortfolioController.swift in Sources */,
				4C6206112138D3DE009FF959 /* DescriptionView.swift in Sources */,
				4C94D97221262272008F80EE /* Extensions.swift in Sources */,
				4C2C314921337E9A0001AEB9 /* CustomGrayButton.swift in Sources */,
				4C96F742212FDDB6001D16D8 /* RegisterView.swift in Sources */,
				4CE2989D2126156D008A533A /* HomeViewController.swift in Sources */,
				4C6618F621361A3F00DD8CBA /* PieView.swift in Sources */,
				4C29FA98212DCF98007FAF90 /* UserDefaultsExtension.swift in Sources */,
				4C2BF76F213A522800890547 /* DetailsView.swift in Sources */,
				4C67AE13213B4D0500ECB88E /* StatsView.swift in Sources */,
				4C62060F2138C85C009FF959 /* CoinSnapshot.swift in Sources */,
				4CE298A421261710008A533A /* PieViewController.swift in Sources */,
				4C2C9C162128AAD20041175E /* WelcomeViewController.swift in Sources */,
				4CE298A621261748008A533A /* PagePortfolioController.swift in Sources */,
				4C0A0060212787D300919278 /* FloatFormatters.swift in Sources */,
				4C2C9C1A2128C5050041175E /* ExampleWebSocketClient.swift in Sources */,
				4C2D79C42130DCCD001FAF7B /* MainNavigationController.swift in Sources */,
				4C96F73E212F9520001D16D8 /* PageViewController.swift in Sources */,
				4CC0478E21375897009D9177 /* BarView.swift in Sources */,
				4C8DFFE521326BAD00374EC3 /* PriceContentView.swift in Sources */,
				4C37EABA212CFD9D00A5E269 /* Fonts.swift in Sources */,
				4C07AC7921381A4B00F9239E /* DiscoverViewController.swift in Sources */,
				4C94D97721267049008F80EE /* CurrencyFormatter.swift in Sources */,
				4C29FA96212DCA50007FAF90 /* User.swift in Sources */,
				4C62060D2138639D009FF959 /* DetailOrAddView.swift in Sources */,
			);
			runOnlyForDeploymentPostprocessing = 0;
		};
/* End PBXSourcesBuildPhase section */

/* Begin PBXVariantGroup section */
		4C20F04C2126019200CEB049 /* LaunchScreen.storyboard */ = {
			isa = PBXVariantGroup;
			children = (
				4C20F04D2126019200CEB049 /* Base */,
			);
			name = LaunchScreen.storyboard;
			sourceTree = "<group>";
		};
/* End PBXVariantGroup section */

/* Begin XCBuildConfiguration section */
		4C20F0502126019200CEB049 /* Debug */ = {
			isa = XCBuildConfiguration;
			buildSettings = {
				ALWAYS_SEARCH_USER_PATHS = NO;
				CLANG_ANALYZER_NONNULL = YES;
				CLANG_ANALYZER_NUMBER_OBJECT_CONVERSION = YES_AGGRESSIVE;
				CLANG_CXX_LANGUAGE_STANDARD = "gnu++14";
				CLANG_CXX_LIBRARY = "libc++";
				CLANG_ENABLE_MODULES = YES;
				CLANG_ENABLE_OBJC_ARC = YES;
				CLANG_ENABLE_OBJC_WEAK = YES;
				CLANG_WARN_BLOCK_CAPTURE_AUTORELEASING = YES;
				CLANG_WARN_BOOL_CONVERSION = YES;
				CLANG_WARN_COMMA = YES;
				CLANG_WARN_CONSTANT_CONVERSION = YES;
				CLANG_WARN_DEPRECATED_OBJC_IMPLEMENTATIONS = YES;
				CLANG_WARN_DIRECT_OBJC_ISA_USAGE = YES_ERROR;
				CLANG_WARN_DOCUMENTATION_COMMENTS = YES;
				CLANG_WARN_EMPTY_BODY = YES;
				CLANG_WARN_ENUM_CONVERSION = YES;
				CLANG_WARN_INFINITE_RECURSION = YES;
				CLANG_WARN_INT_CONVERSION = YES;
				CLANG_WARN_NON_LITERAL_NULL_CONVERSION = YES;
				CLANG_WARN_OBJC_IMPLICIT_RETAIN_SELF = YES;
				CLANG_WARN_OBJC_LITERAL_CONVERSION = YES;
				CLANG_WARN_OBJC_ROOT_CLASS = YES_ERROR;
				CLANG_WARN_RANGE_LOOP_ANALYSIS = YES;
				CLANG_WARN_STRICT_PROTOTYPES = YES;
				CLANG_WARN_SUSPICIOUS_MOVE = YES;
				CLANG_WARN_UNGUARDED_AVAILABILITY = YES_AGGRESSIVE;
				CLANG_WARN_UNREACHABLE_CODE = YES;
				CLANG_WARN__DUPLICATE_METHOD_MATCH = YES;
				CODE_SIGN_IDENTITY = "iPhone Developer";
				COPY_PHASE_STRIP = NO;
				DEBUG_INFORMATION_FORMAT = dwarf;
				ENABLE_STRICT_OBJC_MSGSEND = YES;
				ENABLE_TESTABILITY = YES;
				GCC_C_LANGUAGE_STANDARD = gnu11;
				GCC_DYNAMIC_NO_PIC = NO;
				GCC_NO_COMMON_BLOCKS = YES;
				GCC_OPTIMIZATION_LEVEL = 0;
				GCC_PREPROCESSOR_DEFINITIONS = (
					"DEBUG=1",
					"$(inherited)",
				);
				GCC_WARN_64_TO_32_BIT_CONVERSION = YES;
				GCC_WARN_ABOUT_RETURN_TYPE = YES_ERROR;
				GCC_WARN_UNDECLARED_SELECTOR = YES;
				GCC_WARN_UNINITIALIZED_AUTOS = YES_AGGRESSIVE;
				GCC_WARN_UNUSED_FUNCTION = YES;
				GCC_WARN_UNUSED_VARIABLE = YES;
				IPHONEOS_DEPLOYMENT_TARGET = 11;
				MTL_ENABLE_DEBUG_INFO = YES;
				ONLY_ACTIVE_ARCH = YES;
				SDKROOT = iphoneos;
				SWIFT_ACTIVE_COMPILATION_CONDITIONS = DEBUG;
				SWIFT_OPTIMIZATION_LEVEL = "-Onone";
			};
			name = Debug;
		};
		4C20F0512126019200CEB049 /* Release */ = {
			isa = XCBuildConfiguration;
			buildSettings = {
				ALWAYS_SEARCH_USER_PATHS = NO;
				CLANG_ANALYZER_NONNULL = YES;
				CLANG_ANALYZER_NUMBER_OBJECT_CONVERSION = YES_AGGRESSIVE;
				CLANG_CXX_LANGUAGE_STANDARD = "gnu++14";
				CLANG_CXX_LIBRARY = "libc++";
				CLANG_ENABLE_MODULES = YES;
				CLANG_ENABLE_OBJC_ARC = YES;
				CLANG_ENABLE_OBJC_WEAK = YES;
				CLANG_WARN_BLOCK_CAPTURE_AUTORELEASING = YES;
				CLANG_WARN_BOOL_CONVERSION = YES;
				CLANG_WARN_COMMA = YES;
				CLANG_WARN_CONSTANT_CONVERSION = YES;
				CLANG_WARN_DEPRECATED_OBJC_IMPLEMENTATIONS = YES;
				CLANG_WARN_DIRECT_OBJC_ISA_USAGE = YES_ERROR;
				CLANG_WARN_DOCUMENTATION_COMMENTS = YES;
				CLANG_WARN_EMPTY_BODY = YES;
				CLANG_WARN_ENUM_CONVERSION = YES;
				CLANG_WARN_INFINITE_RECURSION = YES;
				CLANG_WARN_INT_CONVERSION = YES;
				CLANG_WARN_NON_LITERAL_NULL_CONVERSION = YES;
				CLANG_WARN_OBJC_IMPLICIT_RETAIN_SELF = YES;
				CLANG_WARN_OBJC_LITERAL_CONVERSION = YES;
				CLANG_WARN_OBJC_ROOT_CLASS = YES_ERROR;
				CLANG_WARN_RANGE_LOOP_ANALYSIS = YES;
				CLANG_WARN_STRICT_PROTOTYPES = YES;
				CLANG_WARN_SUSPICIOUS_MOVE = YES;
				CLANG_WARN_UNGUARDED_AVAILABILITY = YES_AGGRESSIVE;
				CLANG_WARN_UNREACHABLE_CODE = YES;
				CLANG_WARN__DUPLICATE_METHOD_MATCH = YES;
				CODE_SIGN_IDENTITY = "iPhone Developer";
				COPY_PHASE_STRIP = NO;
				DEBUG_INFORMATION_FORMAT = "dwarf-with-dsym";
				ENABLE_NS_ASSERTIONS = NO;
				ENABLE_STRICT_OBJC_MSGSEND = YES;
				GCC_C_LANGUAGE_STANDARD = gnu11;
				GCC_NO_COMMON_BLOCKS = YES;
				GCC_WARN_64_TO_32_BIT_CONVERSION = YES;
				GCC_WARN_ABOUT_RETURN_TYPE = YES_ERROR;
				GCC_WARN_UNDECLARED_SELECTOR = YES;
				GCC_WARN_UNINITIALIZED_AUTOS = YES_AGGRESSIVE;
				GCC_WARN_UNUSED_FUNCTION = YES;
				GCC_WARN_UNUSED_VARIABLE = YES;
				IPHONEOS_DEPLOYMENT_TARGET = 11;
				MTL_ENABLE_DEBUG_INFO = NO;
				SDKROOT = iphoneos;
				SWIFT_COMPILATION_MODE = wholemodule;
				SWIFT_OPTIMIZATION_LEVEL = "-O";
				VALIDATE_PRODUCT = YES;
			};
			name = Release;
		};
		4C20F0532126019200CEB049 /* Debug */ = {
			isa = XCBuildConfiguration;
			baseConfigurationReference = B8E351820A56351957C6451F /* Pods-Slash.debug.xcconfig */;
			buildSettings = {
				ASSETCATALOG_COMPILER_APPICON_NAME = AppIcon;
				CODE_SIGN_STYLE = Automatic;
				DEVELOPMENT_TEAM = MFNQ54N2S6;
				INFOPLIST_FILE = Slash/Info.plist;
				IPHONEOS_DEPLOYMENT_TARGET = 11;
				LD_RUNPATH_SEARCH_PATHS = (
					"$(inherited)",
					"@executable_path/Frameworks",
				);
				PRODUCT_BUNDLE_IDENTIFIER = com.lema.Slash;
				PRODUCT_NAME = "$(TARGET_NAME)";
				SWIFT_VERSION = 4.0;
				TARGETED_DEVICE_FAMILY = "1,2";
			};
			name = Debug;
		};
		4C20F0542126019200CEB049 /* Release */ = {
			isa = XCBuildConfiguration;
			baseConfigurationReference = 5381EE55B5C6C38E55D9DED8 /* Pods-Slash.release.xcconfig */;
			buildSettings = {
				ASSETCATALOG_COMPILER_APPICON_NAME = AppIcon;
				CODE_SIGN_STYLE = Automatic;
				DEVELOPMENT_TEAM = MFNQ54N2S6;
				INFOPLIST_FILE = Slash/Info.plist;
				IPHONEOS_DEPLOYMENT_TARGET = 11;
				LD_RUNPATH_SEARCH_PATHS = (
					"$(inherited)",
					"@executable_path/Frameworks",
				);
				PRODUCT_BUNDLE_IDENTIFIER = com.lema.Slash;
				PRODUCT_NAME = "$(TARGET_NAME)";
				SWIFT_VERSION = 4.0;
				TARGETED_DEVICE_FAMILY = "1,2";
			};
			name = Release;
		};
/* End XCBuildConfiguration section */

/* Begin XCConfigurationList section */
		4C20F0372126019100CEB049 /* Build configuration list for PBXProject "Slash" */ = {
			isa = XCConfigurationList;
			buildConfigurations = (
				4C20F0502126019200CEB049 /* Debug */,
				4C20F0512126019200CEB049 /* Release */,
			);
			defaultConfigurationIsVisible = 0;
			defaultConfigurationName = Release;
		};
		4C20F0522126019200CEB049 /* Build configuration list for PBXNativeTarget "Slash" */ = {
			isa = XCConfigurationList;
			buildConfigurations = (
				4C20F0532126019200CEB049 /* Debug */,
				4C20F0542126019200CEB049 /* Release */,
			);
			defaultConfigurationIsVisible = 0;
			defaultConfigurationName = Release;
		};
/* End XCConfigurationList section */
	};
	rootObject = 4C20F0342126019100CEB049 /* Project object */;
}
